
Microsoft Visual Studio Solution File, Format Version 12.00
# Visual Studio Version 17
VisualStudioVersion = 17.5.002.0
MinimumVisualStudioVersion = 10.0.40219.1
Project("{2150E333-8FDC-42A3-9474-1A3956D46DE8}") = "prepare", "prepare", "{83BA0E27-3F11-4B4B-8F2E-7B70D1377E1F}"
EndProject
Project("{9A19103F-16F7-4668-BE54-9A1E7A4F7556}") = "Learning02", "prepare\Learning02\Learning02.csproj", "{160499A6-21D0-4334-B8C7-20EA7B6EFB4D}"
EndProject
Project("{9A19103F-16F7-4668-BE54-9A1E7A4F7556}") = "Learning05", "prepare\Learning05\Learning05.csproj", "{B57BAC06-516D-4D9E-AB32-DAFE579BDE40}"
EndProject
Project("{9A19103F-16F7-4668-BE54-9A1E7A4F7556}") = "Learning04", "prepare\Learning04\Learning04.csproj", "{D5E20725-6474-4743-9B05-F119E523D2DB}"
EndProject
Project("{9A19103F-16F7-4668-BE54-9A1E7A4F7556}") = "Learning03", "prepare\Learning03\Learning03.csproj", "{2220C020-1D93-483C-8226-394C123CA971}"
EndProject
Project("{2150E333-8FDC-42A3-9474-1A3956D46DE8}") = "prove", "prove", "{155D7DE8-FE7F-46C8-8F55-4A143721A4B3}"
EndProject
Project("{9A19103F-16F7-4668-BE54-9A1E7A4F7556}") = "Develop03", "prove\Develop03\Develop03.csproj", "{286F779A-6DD6-425C-8F26-05534A6237C2}"
EndProject
Project("{9A19103F-16F7-4668-BE54-9A1E7A4F7556}") = "Develop04", "prove\Develop04\Develop04.csproj", "{BC997089-A26A-440F-813E-BA987ACC1436}"
EndProject
Project("{9A19103F-16F7-4668-BE54-9A1E7A4F7556}") = "Develop05", "prove\Develop05\Develop05.csproj", "{B39AC568-663C-4CB4-B210-83CDA24B1634}"
EndProject
Project("{9A19103F-16F7-4668-BE54-9A1E7A4F7556}") = "Develop02", "prove\Develop02\Develop02.csproj", "{4EDAA6AF-68D1-469D-B2C2-0C3960D307AD}"
EndProject
Project("{2150E333-8FDC-42A3-9474-1A3956D46DE8}") = "sandbox", "sandbox", "{558AEB6A-5390-48B5-8B50-00DE4FDD91B6}"
EndProject
Project("{9A19103F-16F7-4668-BE54-9A1E7A4F7556}") = "Sandbox", "sandbox\Sandbox\Sandbox.csproj", "{2D1F6D66-106A-4AFE-8348-7341DC6EBB15}"
EndProject
Project("{2150E333-8FDC-42A3-9474-1A3956D46DE8}") = "final", "final", "{4F3A5855-DE01-4EBE-90EE-0F63FD6C94B0}"
EndProject
Project("{9A19103F-16F7-4668-BE54-9A1E7A4F7556}") = "FinalProject", "final\FinalProject\FinalProject.csproj", "{6ED3BCA8-93D1-4E26-80E2-D15E663B7578}"
EndProject
Project("{9A19103F-16F7-4668-BE54-9A1E7A4F7556}") = "Foundation1", "final\Foundation1\Foundation1.csproj", "{39553F54-DA03-4C2C-AE78-94BCEC94A9C8}"
EndProject
Project("{9A19103F-16F7-4668-BE54-9A1E7A4F7556}") = "Foundation4", "final\Foundation4\Foundation4.csproj", "{30A525B1-7F04-4E4B-8B58-1111C6618F5B}"
EndProject
Project("{9A19103F-16F7-4668-BE54-9A1E7A4F7556}") = "Foundation3", "final\Foundation3\Foundation3.csproj", "{C83AF92F-9FF9-4161-9CFB-21AA8C5A669A}"
EndProject
Project("{9A19103F-16F7-4668-BE54-9A1E7A4F7556}") = "Foundation2", "final\Foundation2\Foundation2.csproj", "{94671464-9862-420C-9E0C-1BD7754A9D18}"
EndProject
Project("{2150E333-8FDC-42A3-9474-1A3956D46DE8}") = "csharp-prep", "csharp-prep", "{48680EFB-36D6-4C95-A030-0D8F2ECC3E25}"
EndProject
Project("{9A19103F-16F7-4668-BE54-9A1E7A4F7556}") = "Prep1", "csharp-prep\Prep1\Prep1.csproj", "{69FEE314-188D-4821-A861-FAE63060C316}"
EndProject
Project("{9A19103F-16F7-4668-BE54-9A1E7A4F7556}") = "Prep5", "csharp-prep\Prep5\Prep5.csproj", "{374509EE-3AB7-4BF7-BA30-4A56138DEA23}"
EndProject
Project("{9A19103F-16F7-4668-BE54-9A1E7A4F7556}") = "Prep2", "csharp-prep\Prep2\Prep2.csproj", "{225529D1-B6F2-4EA1-A969-558545756180}"
EndProject
Project("{9A19103F-16F7-4668-BE54-9A1E7A4F7556}") = "Prep3", "csharp-prep\Prep3\Prep3.csproj", "{7F0390FA-AFA7-4307-9226-4D8C63790EDF}"
EndProject
Project("{9A19103F-16F7-4668-BE54-9A1E7A4F7556}") = "Prep4", "csharp-prep\Prep4\Prep4.csproj", "{6E617A47-4404-4AE5-B0A8-4C4AC0429422}"
EndProject
Global
	GlobalSection(SolutionConfigurationPlatforms) = preSolution
		Debug|Any CPU = Debug|Any CPU
		Release|Any CPU = Release|Any CPU
	EndGlobalSection
	GlobalSection(ProjectConfigurationPlatforms) = postSolution
		{160499A6-21D0-4334-B8C7-20EA7B6EFB4D}.Debug|Any CPU.ActiveCfg = Debug|Any CPU
		{160499A6-21D0-4334-B8C7-20EA7B6EFB4D}.Debug|Any CPU.Build.0 = Debug|Any CPU
		{160499A6-21D0-4334-B8C7-20EA7B6EFB4D}.Release|Any CPU.ActiveCfg = Release|Any CPU
		{160499A6-21D0-4334-B8C7-20EA7B6EFB4D}.Release|Any CPU.Build.0 = Release|Any CPU
		{B57BAC06-516D-4D9E-AB32-DAFE579BDE40}.Debug|Any CPU.ActiveCfg = Debug|Any CPU
		{B57BAC06-516D-4D9E-AB32-DAFE579BDE40}.Debug|Any CPU.Build.0 = Debug|Any CPU
		{B57BAC06-516D-4D9E-AB32-DAFE579BDE40}.Release|Any CPU.ActiveCfg = Release|Any CPU
		{B57BAC06-516D-4D9E-AB32-DAFE579BDE40}.Release|Any CPU.Build.0 = Release|Any CPU
		{D5E20725-6474-4743-9B05-F119E523D2DB}.Debug|Any CPU.ActiveCfg = Debug|Any CPU
		{D5E20725-6474-4743-9B05-F119E523D2DB}.Debug|Any CPU.Build.0 = Debug|Any CPU
		{D5E20725-6474-4743-9B05-F119E523D2DB}.Release|Any CPU.ActiveCfg = Release|Any CPU
		{D5E20725-6474-4743-9B05-F119E523D2DB}.Release|Any CPU.Build.0 = Release|Any CPU
		{2220C020-1D93-483C-8226-394C123CA971}.Debug|Any CPU.ActiveCfg = Debug|Any CPU
		{2220C020-1D93-483C-8226-394C123CA971}.Debug|Any CPU.Build.0 = Debug|Any CPU
		{2220C020-1D93-483C-8226-394C123CA971}.Release|Any CPU.ActiveCfg = Release|Any CPU
		{2220C020-1D93-483C-8226-394C123CA971}.Release|Any CPU.Build.0 = Release|Any CPU
		{286F779A-6DD6-425C-8F26-05534A6237C2}.Debug|Any CPU.ActiveCfg = Debug|Any CPU
		{286F779A-6DD6-425C-8F26-05534A6237C2}.Debug|Any CPU.Build.0 = Debug|Any CPU
		{286F779A-6DD6-425C-8F26-05534A6237C2}.Release|Any CPU.ActiveCfg = Release|Any CPU
		{286F779A-6DD6-425C-8F26-05534A6237C2}.Release|Any CPU.Build.0 = Release|Any CPU
		{BC997089-A26A-440F-813E-BA987ACC1436}.Debug|Any CPU.ActiveCfg = Debug|Any CPU
		{BC997089-A26A-440F-813E-BA987ACC1436}.Debug|Any CPU.Build.0 = Debug|Any CPU
		{BC997089-A26A-440F-813E-BA987ACC1436}.Release|Any CPU.ActiveCfg = Release|Any CPU
		{BC997089-A26A-440F-813E-BA987ACC1436}.Release|Any CPU.Build.0 = Release|Any CPU
		{B39AC568-663C-4CB4-B210-83CDA24B1634}.Debug|Any CPU.ActiveCfg = Debug|Any CPU
		{B39AC568-663C-4CB4-B210-83CDA24B1634}.Debug|Any CPU.Build.0 = Debug|Any CPU
		{B39AC568-663C-4CB4-B210-83CDA24B1634}.Release|Any CPU.ActiveCfg = Release|Any CPU
		{B39AC568-663C-4CB4-B210-83CDA24B1634}.Release|Any CPU.Build.0 = Release|Any CPU
		{4EDAA6AF-68D1-469D-B2C2-0C3960D307AD}.Debug|Any CPU.ActiveCfg = Debug|Any CPU
		{4EDAA6AF-68D1-469D-B2C2-0C3960D307AD}.Debug|Any CPU.Build.0 = Debug|Any CPU
		{4EDAA6AF-68D1-469D-B2C2-0C3960D307AD}.Release|Any CPU.ActiveCfg = Release|Any CPU
		{4EDAA6AF-68D1-469D-B2C2-0C3960D307AD}.Release|Any CPU.Build.0 = Release|Any CPU
		{2D1F6D66-106A-4AFE-8348-7341DC6EBB15}.Debug|Any CPU.ActiveCfg = Debug|Any CPU
		{2D1F6D66-106A-4AFE-8348-7341DC6EBB15}.Debug|Any CPU.Build.0 = Debug|Any CPU
		{2D1F6D66-106A-4AFE-8348-7341DC6EBB15}.Release|Any CPU.ActiveCfg = Release|Any CPU
		{2D1F6D66-106A-4AFE-8348-7341DC6EBB15}.Release|Any CPU.Build.0 = Release|Any CPU
		{6ED3BCA8-93D1-4E26-80E2-D15E663B7578}.Debug|Any CPU.ActiveCfg = Debug|Any CPU
		{6ED3BCA8-93D1-4E26-80E2-D15E663B7578}.Debug|Any CPU.Build.0 = Debug|Any CPU
		{6ED3BCA8-93D1-4E26-80E2-D15E663B7578}.Release|Any CPU.ActiveCfg = Release|Any CPU
		{6ED3BCA8-93D1-4E26-80E2-D15E663B7578}.Release|Any CPU.Build.0 = Release|Any CPU
		{39553F54-DA03-4C2C-AE78-94BCEC94A9C8}.Debug|Any CPU.ActiveCfg = Debug|Any CPU
		{39553F54-DA03-4C2C-AE78-94BCEC94A9C8}.Debug|Any CPU.Build.0 = Debug|Any CPU
		{39553F54-DA03-4C2C-AE78-94BCEC94A9C8}.Release|Any CPU.ActiveCfg = Release|Any CPU
		{39553F54-DA03-4C2C-AE78-94BCEC94A9C8}.Release|Any CPU.Build.0 = Release|Any CPU
		{30A525B1-7F04-4E4B-8B58-1111C6618F5B}.Debug|Any CPU.ActiveCfg = Debug|Any CPU
		{30A525B1-7F04-4E4B-8B58-1111C6618F5B}.Debug|Any CPU.Build.0 = Debug|Any CPU
		{30A525B1-7F04-4E4B-8B58-1111C6618F5B}.Release|Any CPU.ActiveCfg = Release|Any CPU
		{30A525B1-7F04-4E4B-8B58-1111C6618F5B}.Release|Any CPU.Build.0 = Release|Any CPU
		{C83AF92F-9FF9-4161-9CFB-21AA8C5A669A}.Debug|Any CPU.ActiveCfg = Debug|Any CPU
		{C83AF92F-9FF9-4161-9CFB-21AA8C5A669A}.Debug|Any CPU.Build.0 = Debug|Any CPU
		{C83AF92F-9FF9-4161-9CFB-21AA8C5A669A}.Release|Any CPU.ActiveCfg = Release|Any CPU
		{C83AF92F-9FF9-4161-9CFB-21AA8C5A669A}.Release|Any CPU.Build.0 = Release|Any CPU
		{94671464-9862-420C-9E0C-1BD7754A9D18}.Debug|Any CPU.ActiveCfg = Debug|Any CPU
		{94671464-9862-420C-9E0C-1BD7754A9D18}.Debug|Any CPU.Build.0 = Debug|Any CPU
		{94671464-9862-420C-9E0C-1BD7754A9D18}.Release|Any CPU.ActiveCfg = Release|Any CPU
		{94671464-9862-420C-9E0C-1BD7754A9D18}.Release|Any CPU.Build.0 = Release|Any CPU
		{69FEE314-188D-4821-A861-FAE63060C316}.Debug|Any CPU.ActiveCfg = Debug|Any CPU
		{69FEE314-188D-4821-A861-FAE63060C316}.Debug|Any CPU.Build.0 = Debug|Any CPU
		{69FEE314-188D-4821-A861-FAE63060C316}.Release|Any CPU.ActiveCfg = Release|Any CPU
		{69FEE314-188D-4821-A861-FAE63060C316}.Release|Any CPU.Build.0 = Release|Any CPU
		{374509EE-3AB7-4BF7-BA30-4A56138DEA23}.Debug|Any CPU.ActiveCfg = Debug|Any CPU
		{374509EE-3AB7-4BF7-BA30-4A56138DEA23}.Debug|Any CPU.Build.0 = Debug|Any CPU
		{374509EE-3AB7-4BF7-BA30-4A56138DEA23}.Release|Any CPU.ActiveCfg = Release|Any CPU
		{374509EE-3AB7-4BF7-BA30-4A56138DEA23}.Release|Any CPU.Build.0 = Release|Any CPU
		{225529D1-B6F2-4EA1-A969-558545756180}.Debug|Any CPU.ActiveCfg = Debug|Any CPU
		{225529D1-B6F2-4EA1-A969-558545756180}.Debug|Any CPU.Build.0 = Debug|Any CPU
		{225529D1-B6F2-4EA1-A969-558545756180}.Release|Any CPU.ActiveCfg = Release|Any CPU
		{225529D1-B6F2-4EA1-A969-558545756180}.Release|Any CPU.Build.0 = Release|Any CPU
		{7F0390FA-AFA7-4307-9226-4D8C63790EDF}.Debug|Any CPU.ActiveCfg = Debug|Any CPU
		{7F0390FA-AFA7-4307-9226-4D8C63790EDF}.Debug|Any CPU.Build.0 = Debug|Any CPU
		{7F0390FA-AFA7-4307-9226-4D8C63790EDF}.Release|Any CPU.ActiveCfg = Release|Any CPU
		{7F0390FA-AFA7-4307-9226-4D8C63790EDF}.Release|Any CPU.Build.0 = Release|Any CPU
		{6E617A47-4404-4AE5-B0A8-4C4AC0429422}.Debug|Any CPU.ActiveCfg = Debug|Any CPU
		{6E617A47-4404-4AE5-B0A8-4C4AC0429422}.Debug|Any CPU.Build.0 = Debug|Any CPU
		{6E617A47-4404-4AE5-B0A8-4C4AC0429422}.Release|Any CPU.ActiveCfg = Release|Any CPU
		{6E617A47-4404-4AE5-B0A8-4C4AC0429422}.Release|Any CPU.Build.0 = Release|Any CPU
	EndGlobalSection
	GlobalSection(SolutionProperties) = preSolution
		HideSolutionNode = FALSE
	EndGlobalSection
	GlobalSection(NestedProjects) = preSolution
		{160499A6-21D0-4334-B8C7-20EA7B6EFB4D} = {83BA0E27-3F11-4B4B-8F2E-7B70D1377E1F}
		{B57BAC06-516D-4D9E-AB32-DAFE579BDE40} = {83BA0E27-3F11-4B4B-8F2E-7B70D1377E1F}
		{D5E20725-6474-4743-9B05-F119E523D2DB} = {83BA0E27-3F11-4B4B-8F2E-7B70D1377E1F}
		{2220C020-1D93-483C-8226-394C123CA971} = {83BA0E27-3F11-4B4B-8F2E-7B70D1377E1F}
		{286F779A-6DD6-425C-8F26-05534A6237C2} = {155D7DE8-FE7F-46C8-8F55-4A143721A4B3}
		{BC997089-A26A-440F-813E-BA987ACC1436} = {155D7DE8-FE7F-46C8-8F55-4A143721A4B3}
		{B39AC568-663C-4CB4-B210-83CDA24B1634} = {155D7DE8-FE7F-46C8-8F55-4A143721A4B3}
		{4EDAA6AF-68D1-469D-B2C2-0C3960D307AD} = {155D7DE8-FE7F-46C8-8F55-4A143721A4B3}
		{2D1F6D66-106A-4AFE-8348-7341DC6EBB15} = {558AEB6A-5390-48B5-8B50-00DE4FDD91B6}
		{6ED3BCA8-93D1-4E26-80E2-D15E663B7578} = {4F3A5855-DE01-4EBE-90EE-0F63FD6C94B0}
		{39553F54-DA03-4C2C-AE78-94BCEC94A9C8} = {4F3A5855-DE01-4EBE-90EE-0F63FD6C94B0}
		{30A525B1-7F04-4E4B-8B58-1111C6618F5B} = {4F3A5855-DE01-4EBE-90EE-0F63FD6C94B0}
		{C83AF92F-9FF9-4161-9CFB-21AA8C5A669A} = {4F3A5855-DE01-4EBE-90EE-0F63FD6C94B0}
		{94671464-9862-420C-9E0C-1BD7754A9D18} = {4F3A5855-DE01-4EBE-90EE-0F63FD6C94B0}
		{69FEE314-188D-4821-A861-FAE63060C316} = {48680EFB-36D6-4C95-A030-0D8F2ECC3E25}
		{374509EE-3AB7-4BF7-BA30-4A56138DEA23} = {48680EFB-36D6-4C95-A030-0D8F2ECC3E25}
		{225529D1-B6F2-4EA1-A969-558545756180} = {48680EFB-36D6-4C95-A030-0D8F2ECC3E25}
		{7F0390FA-AFA7-4307-9226-4D8C63790EDF} = {48680EFB-36D6-4C95-A030-0D8F2ECC3E25}
		{6E617A47-4404-4AE5-B0A8-4C4AC0429422} = {48680EFB-36D6-4C95-A030-0D8F2ECC3E25}
	EndGlobalSection
	GlobalSection(ExtensibilityGlobals) = postSolution
		SolutionGuid = {394BEA5E-3B72-48AF-BECA-D7BB97B5F5A3}
	EndGlobalSection
EndGlobal
